github.com/fatih/semgroup v1.3.0 h1:pTEnmcEze/BUf4UmVn9f1ZT1OckkBTNRV9w9k/I2/y4=
github.com/fatih/semgroup v1.3.0/go.mod h1:thVp+PGZMO9KJ+k96oNGJo06hWgsKOWxTfYfx5R2VaE=
golang.org/x/sync v0.22.0 h1:SZjpbeLmrCk4xhRSZFNZW5gFUeCeFgjekvI/+gfScek=
golang.org/x/sync v0.22.0/go.mod h1:9xrNwdLfx4jkKbNva9FpL6vEN7evnE43NNNJQ2LF3+0=
